
Microsoft Visual Studio Solution File, Format Version 12.00
# Visual Studio Version 16
VisualStudioVersion = 25.0.1706.7
MinimumVisualStudioVersion = 10.0.40219.1
Project("{FAE04EC0-301F-11D3-BF4B-00C04F79EFBC}") = "asp_applicatie", "asp_applicatie\asp_applicatie.csproj", "{339BDF92-CC07-4918-87F1-4EA1B8890D51}"
EndProject
Global
	GlobalSection(SolutionConfigurationPlatforms) = preSolution
		Debug|Any CPU = Debug|Any CPU
		Release|Any CPU = Release|Any CPU
	EndGlobalSection
	GlobalSection(ProjectConfigurationPlatforms) = postSolution
		{339BDF92-CC07-4918-87F1-4EA1B8890D51}.Debug|Any CPU.ActiveCfg = Debug|Any CPU
		{339BDF92-CC07-4918-87F1-4EA1B8890D51}.Debug|Any CPU.Build.0 = Debug|Any CPU
		{339BDF92-CC07-4918-87F1-4EA1B8890D51}.Release|Any CPU.ActiveCfg = Release|Any CPU
		{339BDF92-CC07-4918-87F1-4EA1B8890D51}.Release|Any CPU.Build.0 = Release|Any CPU
	EndGlobalSection
	GlobalSection(SolutionProperties) = preSolution
		HideSolutionNode = FALSE
	EndGlobalSection
	GlobalSection(ExtensibilityGlobals) = postSolution
		SolutionGuid = {6BEACA02-9646-4EEE-AE94-4A1DA884C4C3}
	EndGlobalSection
EndGlobal
